
Microsoft Visual Studio Solution File, Format Version 12.00
# Visual Studio Version 16
VisualStudioVersion = 16.0.29409.12
MinimumVisualStudioVersion = 10.0.40219.1
Project("{FAE04EC0-301F-11D3-BF4B-00C04F79EFBC}") = "SetFlatSemitoneRevitPlugin", "SetFlatSemitonRevitPlugin\SetFlatSemitoneRevitPlugin.csproj", "{B0B4374A-4489-4D61-8AEA-F2E7BA6C4299}"
EndProject
Global
	GlobalSection(SolutionConfigurationPlatforms) = preSolution
		Debug|Any CPU = Debug|Any CPU
		Release|Any CPU = Release|Any CPU
	EndGlobalSection
	GlobalSection(ProjectConfigurationPlatforms) = postSolution
		{B0B4374A-4489-4D61-8AEA-F2E7BA6C4299}.Debug|Any CPU.ActiveCfg = Debug|Any CPU
		{B0B4374A-4489-4D61-8AEA-F2E7BA6C4299}.Debug|Any CPU.Build.0 = Debug|Any CPU
		{B0B4374A-4489-4D61-8AEA-F2E7BA6C4299}.Release|Any CPU.ActiveCfg = Release|Any CPU
		{B0B4374A-4489-4D61-8AEA-F2E7BA6C4299}.Release|Any CPU.Build.0 = Release|Any CPU
	EndGlobalSection
	GlobalSection(SolutionProperties) = preSolution
		HideSolutionNode = FALSE
	EndGlobalSection
	GlobalSection(ExtensibilityGlobals) = postSolution
		SolutionGuid = {87B1FB95-DCE7-449E-B5FF-DFC00D7B3B75}
	EndGlobalSection
EndGlobal
